
Microsoft Visual Studio Solution File, Format Version 12.00
# Visual Studio Version 17
VisualStudioVersion = 17.5.33424.131
MinimumVisualStudioVersion = 10.0.40219.1
Project("{9A19103F-16F7-4668-BE54-9A1E7A4F7556}") = "AgoraNet.Core", "AgoraNet.Core\AgoraNet.Core.csproj", "{DB6932F7-DE03-46F2-BD11-9464C51EF04D}"
EndProject
Project("{2150E333-8FDC-42A3-9474-1A3956D46DE8}") = "Éléments de solution", "Éléments de solution", "{8D9B43DD-DC8E-471C-9667-8F84AF3D238D}"
	ProjectSection(SolutionItems) = preProject
		VDLDocumentation.txt = VDLDocumentation.txt
	EndProjectSection
EndProject
Project("{FAE04EC0-301F-11D3-BF4B-00C04F79EFBC}") = "AgoraNet.Tests", "AgoraNet.Tests\AgoraNet.Tests.csproj", "{5B41E151-1211-436E-A212-45C99A82145E}"
EndProject
Global
	GlobalSection(SolutionConfigurationPlatforms) = preSolution
		Debug|Any CPU = Debug|Any CPU
		Release|Any CPU = Release|Any CPU
	EndGlobalSection
	GlobalSection(ProjectConfigurationPlatforms) = postSolution
		{DB6932F7-DE03-46F2-BD11-9464C51EF04D}.Debug|Any CPU.ActiveCfg = Debug|Any CPU
		{DB6932F7-DE03-46F2-BD11-9464C51EF04D}.Debug|Any CPU.Build.0 = Debug|Any CPU
		{DB6932F7-DE03-46F2-BD11-9464C51EF04D}.Release|Any CPU.ActiveCfg = Release|Any CPU
		{DB6932F7-DE03-46F2-BD11-9464C51EF04D}.Release|Any CPU.Build.0 = Release|Any CPU
		{5B41E151-1211-436E-A212-45C99A82145E}.Debug|Any CPU.ActiveCfg = Debug|Any CPU
		{5B41E151-1211-436E-A212-45C99A82145E}.Debug|Any CPU.Build.0 = Debug|Any CPU
		{5B41E151-1211-436E-A212-45C99A82145E}.Release|Any CPU.ActiveCfg = Release|Any CPU
		{5B41E151-1211-436E-A212-45C99A82145E}.Release|Any CPU.Build.0 = Release|Any CPU
	EndGlobalSection
	GlobalSection(SolutionProperties) = preSolution
		HideSolutionNode = FALSE
	EndGlobalSection
	GlobalSection(ExtensibilityGlobals) = postSolution
		SolutionGuid = {39BD6E5B-F19B-4037-B108-CE8312BA9BAE}
	EndGlobalSection
EndGlobal
